
Microsoft Visual Studio Solution File, Format Version 12.00
# Visual Studio Version 17
VisualStudioVersion = 17.0.31903.59
MinimumVisualStudioVersion = 10.0.40219.1
Project("{FAE04EC0-301F-11D3-BF4B-00C04F79EFBC}") = "Roo.Azure.Configuration.Common", "Roo.Azure.Configuration.Common\Roo.Azure.Configuration.Common.csproj", "{11D77E36-0A68-4129-AA5E-B5BE32391E8E}"
EndProject
Project("{FAE04EC0-301F-11D3-BF4B-00C04F79EFBC}") = "Roo.Azure.Configuration.Common.Http", "Roo.Azure.Configuration.Common.Http\Roo.Azure.Configuration.Common.Http.csproj", "{6F539D26-00A4-4942-A6FD-8564EB36828E}"
EndProject
Project("{FAE04EC0-301F-11D3-BF4B-00C04F79EFBC}") = "Roo.Azure.Configuration.Common.Utilities", "Roo.Azure.Configuration.Common.Utilities\Roo.Azure.Configuration.Common.Utilities.csproj", "{6F9A9839-AE16-46F0-97AD-B0032DB17501}"
EndProject
Project("{FAE04EC0-301F-11D3-BF4B-00C04F79EFBC}") = "Roo.Azure.Configuration.PerformanceTests", "Roo.Azure.Configuration.PerformanceTests\Roo.Azure.Configuration.PerformanceTests.csproj", "{801FF4E4-C2C8-44D1-91FE-10A6E988F29B}"
EndProject
Project("{FAE04EC0-301F-11D3-BF4B-00C04F79EFBC}") = "Roo.Azure.Configuration.UnitTests", "Roo.Azure.Configuration.UnitTests\Roo.Azure.Configuration.UnitTests.csproj", "{2DC2D25B-97F6-D32C-FED4-8986CC66E501}"
EndProject
Project("{FAE04EC0-301F-11D3-BF4B-00C04F79EFBC}") = "SampleWebApp", "SampleWebApp\SampleWebApp.csproj", "{A982303C-75D0-4B2A-BB1B-E68F419531CF}"
EndProject
Project("{FAE04EC0-301F-11D3-BF4B-00C04F79EFBC}") = "SampleConsoleApp", "SampleConsoleApp\SampleConsoleApp.csproj", "{D3405261-3594-451E-9E4B-CA02B6FD6068}"
EndProject
Project("{FAE04EC0-301F-11D3-BF4B-00C04F79EFBC}") = "SampleWebAppBackend", "SampleWebAppBackend\SampleWebAppBackend.csproj", "{A76B92F8-4D30-41A5-8E08-AB3D929B40E0}"
EndProject
Global
	GlobalSection(SolutionConfigurationPlatforms) = preSolution
		Debug|Any CPU = Debug|Any CPU
		Release|Any CPU = Release|Any CPU
	EndGlobalSection
	GlobalSection(ProjectConfigurationPlatforms) = postSolution
		{11D77E36-0A68-4129-AA5E-B5BE32391E8E}.Debug|Any CPU.ActiveCfg = Debug|Any CPU
		{11D77E36-0A68-4129-AA5E-B5BE32391E8E}.Debug|Any CPU.Build.0 = Debug|Any CPU
		{11D77E36-0A68-4129-AA5E-B5BE32391E8E}.Release|Any CPU.ActiveCfg = Release|Any CPU
		{11D77E36-0A68-4129-AA5E-B5BE32391E8E}.Release|Any CPU.Build.0 = Release|Any CPU
		{6F539D26-00A4-4942-A6FD-8564EB36828E}.Debug|Any CPU.ActiveCfg = Debug|Any CPU
		{6F539D26-00A4-4942-A6FD-8564EB36828E}.Debug|Any CPU.Build.0 = Debug|Any CPU
		{6F539D26-00A4-4942-A6FD-8564EB36828E}.Release|Any CPU.ActiveCfg = Release|Any CPU
		{6F539D26-00A4-4942-A6FD-8564EB36828E}.Release|Any CPU.Build.0 = Release|Any CPU
		{6F9A9839-AE16-46F0-97AD-B0032DB17501}.Debug|Any CPU.ActiveCfg = Debug|Any CPU
		{6F9A9839-AE16-46F0-97AD-B0032DB17501}.Debug|Any CPU.Build.0 = Debug|Any CPU
		{6F9A9839-AE16-46F0-97AD-B0032DB17501}.Release|Any CPU.ActiveCfg = Release|Any CPU
		{6F9A9839-AE16-46F0-97AD-B0032DB17501}.Release|Any CPU.Build.0 = Release|Any CPU
		{801FF4E4-C2C8-44D1-91FE-10A6E988F29B}.Debug|Any CPU.ActiveCfg = Debug|Any CPU
		{801FF4E4-C2C8-44D1-91FE-10A6E988F29B}.Debug|Any CPU.Build.0 = Debug|Any CPU
		{801FF4E4-C2C8-44D1-91FE-10A6E988F29B}.Release|Any CPU.ActiveCfg = Release|Any CPU
		{801FF4E4-C2C8-44D1-91FE-10A6E988F29B}.Release|Any CPU.Build.0 = Release|Any CPU
		{2DC2D25B-97F6-D32C-FED4-8986CC66E501}.Debug|Any CPU.ActiveCfg = Debug|Any CPU
		{2DC2D25B-97F6-D32C-FED4-8986CC66E501}.Debug|Any CPU.Build.0 = Debug|Any CPU
		{2DC2D25B-97F6-D32C-FED4-8986CC66E501}.Release|Any CPU.ActiveCfg = Release|Any CPU
		{2DC2D25B-97F6-D32C-FED4-8986CC66E501}.Release|Any CPU.Build.0 = Release|Any CPU
		{A982303C-75D0-4B2A-BB1B-E68F419531CF}.Debug|Any CPU.ActiveCfg = Debug|Any CPU
		{A982303C-75D0-4B2A-BB1B-E68F419531CF}.Debug|Any CPU.Build.0 = Debug|Any CPU
		{A982303C-75D0-4B2A-BB1B-E68F419531CF}.Release|Any CPU.ActiveCfg = Release|Any CPU
		{A982303C-75D0-4B2A-BB1B-E68F419531CF}.Release|Any CPU.Build.0 = Release|Any CPU
		{D3405261-3594-451E-9E4B-CA02B6FD6068}.Debug|Any CPU.ActiveCfg = Debug|Any CPU
		{D3405261-3594-451E-9E4B-CA02B6FD6068}.Debug|Any CPU.Build.0 = Debug|Any CPU
		{D3405261-3594-451E-9E4B-CA02B6FD6068}.Release|Any CPU.ActiveCfg = Release|Any CPU
		{D3405261-3594-451E-9E4B-CA02B6FD6068}.Release|Any CPU.Build.0 = Release|Any CPU
		{A76B92F8-4D30-41A5-8E08-AB3D929B40E0}.Debug|Any CPU.ActiveCfg = Debug|Any CPU
		{A76B92F8-4D30-41A5-8E08-AB3D929B40E0}.Debug|Any CPU.Build.0 = Debug|Any CPU
		{A76B92F8-4D30-41A5-8E08-AB3D929B40E0}.Release|Any CPU.ActiveCfg = Release|Any CPU
		{A76B92F8-4D30-41A5-8E08-AB3D929B40E0}.Release|Any CPU.Build.0 = Release|Any CPU
	EndGlobalSection
	GlobalSection(SolutionProperties) = preSolution
		HideSolutionNode = FALSE
	EndGlobalSection
	GlobalSection(ExtensibilityGlobals) = postSolution
		SolutionGuid = {5EEC217C-5F91-4198-8208-8370CF12F8E0}
	EndGlobalSection
EndGlobal
